
Microsoft Visual Studio Solution File, Format Version 12.00
# Visual Studio Version 16
VisualStudioVersion = 16.0.28803.156
MinimumVisualStudioVersion = 10.0.40219.1
Project("{9A19103F-16F7-4668-BE54-9A1E7A4F7556}") = "DKWebsite", "DKWebsite\DKWebsite.csproj", "{ED20F98E-0E9C-4459-B205-B6484BB0EC3C}"
EndProject
Project("{9A19103F-16F7-4668-BE54-9A1E7A4F7556}") = "AirSensorWebAPI", "AirSensorWebAPI\AirSensorWebAPI.csproj", "{68E71BD6-4A4E-4923-8473-447F50FD0DCE}"
EndProject
Project("{2150E333-8FDC-42A3-9474-1A3956D46DE8}") = "Solution Items", "Solution Items", "{0A56C04B-5EE9-4869-8DC4-80954894ABE0}"
	ProjectSection(SolutionItems) = preProject
		init-letsencrypt.sh = init-letsencrypt.sh
	EndProjectSection
EndProject
Project("{9A19103F-16F7-4668-BE54-9A1E7A4F7556}") = "TestApi", "TestApi\TestApi.csproj", "{0CD1462F-F088-4D68-A1A6-0D925E036488}"
EndProject
Global
	GlobalSection(SolutionConfigurationPlatforms) = preSolution
		Debug|Any CPU = Debug|Any CPU
		Release|Any CPU = Release|Any CPU
	EndGlobalSection
	GlobalSection(ProjectConfigurationPlatforms) = postSolution
		{ED20F98E-0E9C-4459-B205-B6484BB0EC3C}.Debug|Any CPU.ActiveCfg = Debug|Any CPU
		{ED20F98E-0E9C-4459-B205-B6484BB0EC3C}.Debug|Any CPU.Build.0 = Debug|Any CPU
		{ED20F98E-0E9C-4459-B205-B6484BB0EC3C}.Release|Any CPU.ActiveCfg = Release|Any CPU
		{ED20F98E-0E9C-4459-B205-B6484BB0EC3C}.Release|Any CPU.Build.0 = Release|Any CPU
		{68E71BD6-4A4E-4923-8473-447F50FD0DCE}.Debug|Any CPU.ActiveCfg = Debug|Any CPU
		{68E71BD6-4A4E-4923-8473-447F50FD0DCE}.Debug|Any CPU.Build.0 = Debug|Any CPU
		{68E71BD6-4A4E-4923-8473-447F50FD0DCE}.Release|Any CPU.ActiveCfg = Release|Any CPU
		{68E71BD6-4A4E-4923-8473-447F50FD0DCE}.Release|Any CPU.Build.0 = Release|Any CPU
		{0CD1462F-F088-4D68-A1A6-0D925E036488}.Debug|Any CPU.ActiveCfg = Debug|Any CPU
		{0CD1462F-F088-4D68-A1A6-0D925E036488}.Debug|Any CPU.Build.0 = Debug|Any CPU
		{0CD1462F-F088-4D68-A1A6-0D925E036488}.Release|Any CPU.ActiveCfg = Release|Any CPU
		{0CD1462F-F088-4D68-A1A6-0D925E036488}.Release|Any CPU.Build.0 = Release|Any CPU
	EndGlobalSection
	GlobalSection(SolutionProperties) = preSolution
		HideSolutionNode = FALSE
	EndGlobalSection
	GlobalSection(ExtensibilityGlobals) = postSolution
		SolutionGuid = {18AC0EEE-74EF-4276-8F39-A066C4EA5F17}
	EndGlobalSection
EndGlobal
